// !$*UTF8*$!
{
	archiveVersion = 1;
	classes = {
	};
	objectVersion = 46;
	objects = {

/* Begin PBXBuildFile section */
		18921D091E8E157D00C82CBD /* AppDelegate.swift in Sources */ = {isa = PBXBuildFile; fileRef = 18921D081E8E157D00C82CBD /* AppDelegate.swift */; };
		18921D0B1E8E157D00C82CBD /* ViewController.swift in Sources */ = {isa = PBXBuildFile; fileRef = 18921D0A1E8E157D00C82CBD /* ViewController.swift */; };
		18921D0E1E8E157D00C82CBD /* Main.storyboard in Resources */ = {isa = PBXBuildFile; fileRef = 18921D0C1E8E157D00C82CBD /* Main.storyboard */; };
		18921D101E8E157D00C82CBD /* Assets.xcassets in Resources */ = {isa = PBXBuildFile; fileRef = 18921D0F1E8E157D00C82CBD /* Assets.xcassets */; };
		18921D131E8E157D00C82CBD /* LaunchScreen.storyboard in Resources */ = {isa = PBXBuildFile; fileRef = 18921D111E8E157D00C82CBD /* LaunchScreen.storyboard */; };
		18921D1E1E8E157E00C82CBD /* SwiftDemoTests.swift in Sources */ = {isa = PBXBuildFile; fileRef = 18921D1D1E8E157E00C82CBD /* SwiftDemoTests.swift */; };
		18921D291E8E157E00C82CBD /* SwiftDemoUITests.swift in Sources */ = {isa = PBXBuildFile; fileRef = 18921D281E8E157E00C82CBD /* SwiftDemoUITests.swift */; };
/* End PBXBuildFile section */

/* Begin PBXContainerItemProxy section */
		18921D1A1E8E157E00C82CBD /* PBXContainerItemProxy */ = {
			isa = PBXContainerItemProxy;
			containerPortal = 18921CFD1E8E157D00C82CBD /* Project object */;
			proxyType = 1;
			remoteGlobalIDString = 18921D041E8E157D00C82CBD;
			remoteInfo = SwiftDemo;
		};
		18921D251E8E157E00C82CBD /* PBXContainerItemProxy */ = {
			isa = PBXContainerItemProxy;
			containerPortal = 18921CFD1E8E157D00C82CBD /* Project object */;
			proxyType = 1;
			remoteGlobalIDString = 18921D041E8E157D00C82CBD;
			remoteInfo = SwiftDemo;
		};
/* End PBXContainerItemProxy section */

/* Begin PBXFileReference section */
		18921D051E8E157D00C82CBD /* SwiftDemo.app */ = {isa = PBXFileReference; explicitFileType = wrapper.application; includeInIndex = 0; path = SwiftDemo.app; sourceTree = BUILT_PRODUCTS_DIR; };
		18921D081E8E157D00C82CBD /* AppDelegate.swift */ = {isa = PBXFileReference; lastKnownFileType = sourcecode.swift; path = AppDelegate.swift; sourceTree = "<group>"; };
		18921D0A1E8E157D00C82CBD /* ViewController.swift */ = {isa = PBXFileReference; lastKnownFileType = sourcecode.swift; path = ViewController.swift; sourceTree = "<group>"; };
		18921D0D1E8E157D00C82CBD /* Base */ = {isa = PBXFileReference; lastKnownFileType = file.storyboard; name = Base; path = Base.lproj/Main.storyboard; sourceTree = "<group>"; };
		18921D0F1E8E157D00C82CBD /* Assets.xcassets */ = {isa = PBXFileReference; lastKnownFileType = folder.assetcatalog; path = Assets.xcassets; sourceTree = "<group>"; };
		18921D121E8E157D00C82CBD /* Base */ = {isa = PBXFileReference; lastKnownFileType = file.storyboard; name = Base; path = Base.lproj/LaunchScreen.storyboard; sourceTree = "<group>"; };
		18921D141E8E157D00C82CBD /* Info.plist */ = {isa = PBXFileReference; lastKnownFileType = text.plist.xml; path = Info.plist; sourceTree = "<group>"; };
		18921D191E8E157E00C82CBD /* SwiftDemoTests.xctest */ = {isa = PBXFileReference; explicitFileType = wrapper.cfbundle; includeInIndex = 0; path = SwiftDemoTests.xctest; sourceTree = BUILT_PRODUCTS_DIR; };
		18921D1D1E8E157E00C82CBD /* SwiftDemoTests.swift */ = {isa = PBXFileReference; lastKnownFileType = sourcecode.swift; path = SwiftDemoTests.swift; sourceTree = "<group>"; };
		18921D1F1E8E157E00C82CBD /* Info.plist */ = {isa = PBXFileReference; lastKnownFileType = text.plist.xml; path = Info.plist; sourceTree = "<group>"; };
		18921D241E8E157E00C82CBD /* SwiftDemoUITests.xctest */ = {isa = PBXFileReference; explicitFileType = wrapper.cfbundle; includeInIndex = 0; path = SwiftDemoUITests.xctest; sourceTree = BUILT_PRODUCTS_DIR; };
		18921D281E8E157E00C82CBD /* SwiftDemoUITests.swift */ = {isa = PBXFileReference; lastKnownFileType = sourcecode.swift; path = SwiftDemoUITests.swift; sourceTree = "<group>"; };
		18921D2A1E8E157E00C82CBD /* Info.plist */ = {isa = PBXFileReference; lastKnownFileType = text.plist.xml; path = Info.plist; sourceTree = "<group>"; };
		18921D711E8E8E9F00C82CBD /* en */ = {isa = PBXFileReference; lastKnownFileType = text.plist.strings; name = en; path = en.lproj/Main.strings; sourceTree = "<group>"; };
/* End PBXFileReference section */

/* Begin PBXFrameworksBuildPhase section */
		18921D021E8E157D00C82CBD /* Frameworks */ = {
			isa = PBXFrameworksBuildPhase;
			buildActionMask = 2147483647;
			files = (
			);
			runOnlyForDeploymentPostprocessing = 0;
		};
		18921D161E8E157E00C82CBD /* Frameworks */ = {
			isa = PBXFrameworksBuildPhase;
			buildActionMask = 2147483647;
			files = (
			);
			runOnlyForDeploymentPostprocessing = 0;
		};
		18921D211E8E157E00C82CBD /* Frameworks */ = {
			isa = PBXFrameworksBuildPhase;
			buildActionMask = 2147483647;
			files = (
			);
			runOnlyForDeploymentPostprocessing = 0;
		};
/* End PBXFrameworksBuildPhase section */

/* Begin PBXGroup section */
		18921CFC1E8E157D00C82CBD = {
			isa = PBXGroup;
			children = (
				18921D071E8E157D00C82CBD /* SwiftDemo */,
				18921D1C1E8E157E00C82CBD /* SwiftDemoTests */,
				18921D271E8E157E00C82CBD /* SwiftDemoUITests */,
				18921D061E8E157D00C82CBD /* Products */,
			);
			sourceTree = "<group>";
		};
		18921D061E8E157D00C82CBD /* Products */ = {
			isa = PBXGroup;
			children = (
				18921D051E8E157D00C82CBD /* SwiftDemo.app */,
				18921D191E8E157E00C82CBD /* SwiftDemoTests.xctest */,
				18921D241E8E157E00C82CBD /* SwiftDemoUITests.xctest */,
			);
			name = Products;
			sourceTree = "<group>";
		};
		18921D071E8E157D00C82CBD /* SwiftDemo */ = {
			isa = PBXGroup;
			children = (
				18921D081E8E157D00C82CBD /* AppDelegate.swift */,
				18921D0A1E8E157D00C82CBD /* ViewController.swift */,
				18921D0C1E8E157D00C82CBD /* Main.storyboard */,
				18921D0F1E8E157D00C82CBD /* Assets.xcassets */,
				18921D111E8E157D00C82CBD /* LaunchScreen.storyboard */,
				18921D141E8E157D00C82CBD /* Info.plist */,
			);
			path = SwiftDemo;
			sourceTree = "<group>";
		};
		18921D1C1E8E157E00C82CBD /* SwiftDemoTests */ = {
			isa = PBXGroup;
			children = (
				18921D1D1E8E157E00C82CBD /* SwiftDemoTests.swift */,
				18921D1F1E8E157E00C82CBD /* Info.plist */,
			);
			path = SwiftDemoTests;
			sourceTree = "<group>";
		};
		18921D271E8E157E00C82CBD /* SwiftDemoUITests */ = {
			isa = PBXGroup;
			children = (
				18921D281E8E157E00C82CBD /* SwiftDemoUITests.swift */,
				18921D2A1E8E157E00C82CBD /* Info.plist */,
			);
			path = SwiftDemoUITests;
			sourceTree = "<group>";
		};
/* End PBXGroup section */

/* Begin PBXNativeTarget section */
		18921D041E8E157D00C82CBD /* SwiftDemo */ = {
			isa = PBXNativeTarget;
			buildConfigurationList = 18921D2D1E8E157E00C82CBD /* Build configuration list for PBXNativeTarget "SwiftDemo" */;
			buildPhases = (
				18921D011E8E157D00C82CBD /* Sources */,
				18921D021E8E157D00C82CBD /* Frameworks */,
				18921D031E8E157D00C82CBD /* Resources */,
			);
			buildRules = (
			);
			dependencies = (
			);
			name = SwiftDemo;
			productName = SwiftDemo;
			productReference = 18921D051E8E157D00C82CBD /* SwiftDemo.app */;
			productType = "com.apple.product-type.application";
		};
		18921D181E8E157E00C82CBD /* SwiftDemoTests */ = {
			isa = PBXNativeTarget;
			buildConfigurationList = 18921D301E8E157E00C82CBD /* Build configuration list for PBXNativeTarget "SwiftDemoTests" */;
			buildPhases = (
				18921D151E8E157E00C82CBD /* Sources */,
				18921D161E8E157E00C82CBD /* Frameworks */,
				18921D171E8E157E00C82CBD /* Resources */,
			);
			buildRules = (
			);
			dependencies = (
				18921D1B1E8E157E00C82CBD /* PBXTargetDependency */,
			);
			name = SwiftDemoTests;
			productName = SwiftDemoTests;
			productReference = 18921D191E8E157E00C82CBD /* SwiftDemoTests.xctest */;
			productType = "com.apple.product-type.bundle.unit-test";
		};
		18921D231E8E157E00C82CBD /* SwiftDemoUITests */ = {
			isa = PBXNativeTarget;
			buildConfigurationList = 18921D331E8E157E00C82CBD /* Build configuration list for PBXNativeTarget "SwiftDemoUITests" */;
			buildPhases = (
				18921D201E8E157E00C82CBD /* Sources */,
				18921D211E8E157E00C82CBD /* Frameworks */,
				18921D221E8E157E00C82CBD /* Resources */,
			);
			buildRules = (
			);
			dependencies = (
				18921D261E8E157E00C82CBD /* PBXTargetDependency */,
			);
			name = SwiftDemoUITests;
			productName = SwiftDemoUITests;
			productReference = 18921D241E8E157E00C82CBD /* SwiftDemoUITests.xctest */;
			productType = "com.apple.product-type.bundle.ui-testing";
		};
/* End PBXNativeTarget section */

/* Begin PBXProject section */
		18921CFD1E8E157D00C82CBD /* Project object */ = {
			isa = PBXProject;
			attributes = {
				LastSwiftUpdateCheck = 0820;
				LastUpgradeCheck = 0820;
				ORGANIZATIONNAME = Apple;
				TargetAttributes = {
					18921D041E8E157D00C82CBD = {
						CreatedOnToolsVersion = 8.2.1;
						DevelopmentTeam = JC39BY23BM;
						ProvisioningStyle = Automatic;
					};
					18921D181E8E157E00C82CBD = {
						CreatedOnToolsVersion = 8.2.1;
						DevelopmentTeam = JC39BY23BM;
						ProvisioningStyle = Automatic;
						TestTargetID = 18921D041E8E157D00C82CBD;
					};
					18921D231E8E157E00C82CBD = {
						CreatedOnToolsVersion = 8.2.1;
						ProvisioningStyle = Automatic;
						TestTargetID = 18921D041E8E157D00C82CBD;
					};
				};
			};
			buildConfigurationList = 18921D001E8E157D00C82CBD /* Build configuration list for PBXProject "SwiftDemo" */;
			compatibilityVersion = "Xcode 3.2";
			developmentRegion = English;
			hasScannedForEncodings = 0;
			knownRegions = (
				en,
				Base,
			);
			mainGroup = 18921CFC1E8E157D00C82CBD;
			productRefGroup = 18921D061E8E157D00C82CBD /* Products */;
			projectDirPath = "";
			projectRoot = "";
			targets = (
				18921D041E8E157D00C82CBD /* SwiftDemo */,
				18921D181E8E157E00C82CBD /* SwiftDemoTests */,
				18921D231E8E157E00C82CBD /* SwiftDemoUITests */,
			);
		};
/* End PBXProject section */

/* Begin PBXResourcesBuildPhase section */
		18921D031E8E157D00C82CBD /* Resources */ = {
			isa = PBXResourcesBuildPhase;
			buildActionMask = 2147483647;
			files = (
				18921D131E8E157D00C82CBD /* LaunchScreen.storyboard in Resources */,
				18921D101E8E157D00C82CBD /* Assets.xcassets in Resources */,
				18921D0E1E8E157D00C82CBD /* Main.storyboard in Resources */,
			);
			runOnlyForDeploymentPostprocessing = 0;
		};
		18921D171E8E157E00C82CBD /* Resources */ = {
			isa = PBXResourcesBuildPhase;
			buildActionMask = 2147483647;
			files = (
			);
			runOnlyForDeploymentPostprocessing = 0;
		};
		18921D221E8E157E00C82CBD /* Resources */ = {
			isa = PBXResourcesBuildPhase;
			buildActionMask = 2147483647;
			files = (
			);
			runOnlyForDeploymentPostprocessing = 0;
		};
/* End PBXResourcesBuildPhase section */

/* Begin PBXSourcesBuildPhase section */
		18921D011E8E157D00C82CBD /* Sources */ = {
			isa = PBXSourcesBuildPhase;
			buildActionMask = 2147483647;
			files = (
				18921D0B1E8E157D00C82CBD /* ViewController.swift in Sources */,
				18921D091E8E157D00C82CBD /* AppDelegate.swift in Sources */,
			);
			runOnlyForDeploymentPostprocessing = 0;
		};
		18921D151E8E157E00C82CBD /* Sources */ = {
			isa = PBXSourcesBuildPhase;
			buildActionMask = 2147483647;
			files = (
				18921D1E1E8E157E00C82CBD /* SwiftDemoTests.swift in Sources */,
			);
			runOnlyForDeploymentPostprocessing = 0;
		};
		18921D201E8E157E00C82CBD /* Sources */ = {
			isa = PBXSourcesBuildPhase;
			buildActionMask = 2147483647;
			files = (
				18921D291E8E157E00C82CBD /* SwiftDemoUITests.swift in Sources */,
			);
			runOnlyForDeploymentPostprocessing = 0;
		};
/* End PBXSourcesBuildPhase section */

/* Begin PBXTargetDependency section */
		18921D1B1E8E157E00C82CBD /* PBXTargetDependency */ = {
			isa = PBXTargetDependency;
			target = 18921D041E8E157D00C82CBD /* SwiftDemo */;
			targetProxy = 18921D1A1E8E157E00C82CBD /* PBXContainerItemProxy */;
		};
		18921D261E8E157E00C82CBD /* PBXTargetDependency */ = {
			isa = PBXTargetDependency;
			target = 18921D041E8E157D00C82CBD /* SwiftDemo */;
			targetProxy = 18921D251E8E157E00C82CBD /* PBXContainerItemProxy */;
		};
/* End PBXTargetDependency section */

/* Begin PBXVariantGroup section */
		18921D0C1E8E157D00C82CBD /* Main.storyboard */ = {
			isa = PBXVariantGroup;
			children = (
				18921D0D1E8E157D00C82CBD /* Base */,
				18921D711E8E8E9F00C82CBD /* en */,
			);
			name = Main.storyboard;
			sourceTree = "<group>";
		};
		18921D111E8E157D00C82CBD /* LaunchScreen.storyboard */ = {
			isa = PBXVariantGroup;
			children = (
				18921D121E8E157D00C82CBD /* Base */,
			);
			name = LaunchScreen.storyboard;
			sourceTree = "<group>";
		};
/* End PBXVariantGroup section */

/* Begin XCBuildConfiguration section */
		18921D2B1E8E157E00C82CBD /* Debug */ = {
			isa = XCBuildConfiguration;
			buildSettings = {
				ALWAYS_SEARCH_USER_PATHS = NO;
				CLANG_ANALYZER_NONNULL = YES;
				CLANG_CXX_LANGUAGE_STANDARD = "gnu++0x";
				CLANG_CXX_LIBRARY = "libc++";
				CLANG_ENABLE_MODULES = YES;
				CLANG_ENABLE_OBJC_ARC = YES;
				CLANG_WARN_BOOL_CONVERSION = YES;
				CLANG_WARN_CONSTANT_CONVERSION = YES;
				CLANG_WARN_DIRECT_OBJC_ISA_USAGE = YES_ERROR;
				CLANG_WARN_DOCUMENTATION_COMMENTS = YES;
				CLANG_WARN_EMPTY_BODY = YES;
				CLANG_WARN_ENUM_CONVERSION = YES;
				CLANG_WARN_INFINITE_RECURSION = YES;
				CLANG_WARN_INT_CONVERSION = YES;
				CLANG_WARN_OBJC_ROOT_CLASS = YES_ERROR;
				CLANG_WARN_SUSPICIOUS_MOVE = YES;
				CLANG_WARN_UNREACHABLE_CODE = YES;
				CLANG_WARN__DUPLICATE_METHOD_MATCH = YES;
				CODE_SIGN_IDENTITY = "iPhone Developer: Iqbal Singh (ZKG4WAM2JD)";
				"CODE_SIGN_IDENTITY[sdk=iphoneos*]" = "iPhone Developer: Iqbal Singh (ZKG4WAM2JD)";
				COPY_PHASE_STRIP = NO;
				DEBUG_INFORMATION_FORMAT = dwarf;
				ENABLE_STRICT_OBJC_MSGSEND = YES;
				ENABLE_TESTABILITY = YES;
				GCC_C_LANGUAGE_STANDARD = gnu99;
				GCC_DYNAMIC_NO_PIC = NO;
				GCC_NO_COMMON_BLOCKS = YES;
				GCC_OPTIMIZATION_LEVEL = 0;
				GCC_PREPROCESSOR_DEFINITIONS = (
					"DEBUG=1",
					"$(inherited)",
				);
				GCC_WARN_64_TO_32_BIT_CONVERSION = YES;
				GCC_WARN_ABOUT_RETURN_TYPE = YES_ERROR;
				GCC_WARN_UNDECLARED_SELECTOR = YES;
				GCC_WARN_UNINITIALIZED_AUTOS = YES_AGGRESSIVE;
				GCC_WARN_UNUSED_FUNCTION = YES;
				GCC_WARN_UNUSED_VARIABLE = YES;
				IPHONEOS_DEPLOYMENT_TARGET = 10.2;
				MTL_ENABLE_DEBUG_INFO = YES;
				ONLY_ACTIVE_ARCH = YES;
				PROVISIONING_PROFILE = "2cffa86c-4197-4862-98d2-dab0f8423e2d";
				SDKROOT = iphoneos;
				SWIFT_ACTIVE_COMPILATION_CONDITIONS = DEBUG;
				SWIFT_OPTIMIZATION_LEVEL = "-Onone";
				TARGETED_DEVICE_FAMILY = "1,2";
			};
			name = Debug;
		};
		18921D2C1E8E157E00C82CBD /* Release */ = {
			isa = XCBuildConfiguration;
			buildSettings = {
				ALWAYS_SEARCH_USER_PATHS = NO;
				CLANG_ANALYZER_NONNULL = YES;
				CLANG_CXX_LANGUAGE_STANDARD = "gnu++0x";
				CLANG_CXX_LIBRARY = "libc++";
				CLANG_ENABLE_MODULES = YES;
				CLANG_ENABLE_OBJC_ARC = YES;
				CLANG_WARN_BOOL_CONVERSION = YES;
				CLANG_WARN_CONSTANT_CONVERSION = YES;
				CLANG_WARN_DIRECT_OBJC_ISA_USAGE = YES_ERROR;
				CLANG_WARN_DOCUMENTATION_COMMENTS = YES;
				CLANG_WARN_EMPTY_BODY = YES;
				CLANG_WARN_ENUM_CONVERSION = YES;
				CLANG_WARN_INFINITE_RECURSION = YES;
				CLANG_WARN_INT_CONVERSION = YES;
				CLANG_WARN_OBJC_ROOT_CLASS = YES_ERROR;
				CLANG_WARN_SUSPICIOUS_MOVE = YES;
				CLANG_WARN_UNREACHABLE_CODE = YES;
				CLANG_WARN__DUPLICATE_METHOD_MATCH = YES;
				CODE_SIGN_IDENTITY = "iPhone Developer: Iqbal Singh (ZKG4WAM2JD)";
				"CODE_SIGN_IDENTITY[sdk=iphoneos*]" = "iPhone Developer: Iqbal Singh (ZKG4WAM2JD)";
				COPY_PHASE_STRIP = NO;
				DEBUG_INFORMATION_FORMAT = "dwarf-with-dsym";
				ENABLE_NS_ASSERTIONS = NO;
				ENABLE_STRICT_OBJC_MSGSEND = YES;
				GCC_C_LANGUAGE_STANDARD = gnu99;
				GCC_NO_COMMON_BLOCKS = YES;
				GCC_WARN_64_TO_32_BIT_CONVERSION = YES;
				GCC_WARN_ABOUT_RETURN_TYPE = YES_ERROR;
				GCC_WARN_UNDECLARED_SELECTOR = YES;
				GCC_WARN_UNINITIALIZED_AUTOS = YES_AGGRESSIVE;
				GCC_WARN_UNUSED_FUNCTION = YES;
				GCC_WARN_UNUSED_VARIABLE = YES;
				IPHONEOS_DEPLOYMENT_TARGET = 10.2;
				MTL_ENABLE_DEBUG_INFO = NO;
				PROVISIONING_PROFILE = "2cffa86c-4197-4862-98d2-dab0f8423e2d";
				SDKROOT = iphoneos;
				SWIFT_OPTIMIZATION_LEVEL = "-Owholemodule";
				TARGETED_DEVICE_FAMILY = "1,2";
				VALIDATE_PRODUCT = YES;
			};
			name = Release;
		};
		18921D2E1E8E157E00C82CBD /* Debug */ = {
			isa = XCBuildConfiguration;
			buildSettings = {
				ASSETCATALOG_COMPILER_APPICON_NAME = AppIcon;
				CODE_SIGN_IDENTITY = "iPhone Developer";
				"CODE_SIGN_IDENTITY[sdk=iphoneos*]" = "iPhone Developer: Iqbal Singh (ZKG4WAM2JD)";
				DEVELOPMENT_TEAM = JC39BY23BM;
				INFOPLIST_FILE = SwiftDemo/Info.plist;
				LD_RUNPATH_SEARCH_PATHS = "$(inherited) @executable_path/Frameworks";
				PRODUCT_BUNDLE_IDENTIFIER = com.immanent.SwiftDemo;
				PRODUCT_NAME = "$(TARGET_NAME)";
				PROVISIONING_PROFILE = "2cffa86c-4197-4862-98d2-dab0f8423e2d";
				PROVISIONING_PROFILE_SPECIFIER = "";
				SWIFT_VERSION = 3.0;
			};
			name = Debug;
		};
		18921D2F1E8E157E00C82CBD /* Release */ = {
			isa = XCBuildConfiguration;
			buildSettings = {
				ASSETCATALOG_COMPILER_APPICON_NAME = AppIcon;
				CODE_SIGN_IDENTITY = "iPhone Developer";
				"CODE_SIGN_IDENTITY[sdk=iphoneos*]" = "iPhone Developer: Iqbal Singh (ZKG4WAM2JD)";
				DEVELOPMENT_TEAM = JC39BY23BM;
				INFOPLIST_FILE = SwiftDemo/Info.plist;
				LD_RUNPATH_SEARCH_PATHS = "$(inherited) @executable_path/Frameworks";
				PRODUCT_BUNDLE_IDENTIFIER = com.immanent.SwiftDemo;
				PRODUCT_NAME = "$(TARGET_NAME)";
				PROVISIONING_PROFILE = "2cffa86c-4197-4862-98d2-dab0f8423e2d";
				PROVISIONING_PROFILE_SPECIFIER = "";
				SWIFT_VERSION = 3.0;
			};
			name = Release;
		};
		18921D311E8E157E00C82CBD /* Debug */ = {
			isa = XCBuildConfiguration;
			buildSettings = {
				ALWAYS_EMBED_SWIFT_STANDARD_LIBRARIES = YES;
				BUNDLE_LOADER = "$(TEST_HOST)";
				DEVELOPMENT_TEAM = JC39BY23BM;
				INFOPLIST_FILE = SwiftDemoTests/Info.plist;
				LD_RUNPATH_SEARCH_PATHS = "$(inherited) @executable_path/Frameworks @loader_path/Frameworks";
				PRODUCT_BUNDLE_IDENTIFIER = com.immanent.SwiftDemoTests;
				PRODUCT_NAME = "$(TARGET_NAME)";
				PROVISIONING_PROFILE = "";
				SWIFT_VERSION = 3.0;
				TEST_HOST = "$(BUILT_PRODUCTS_DIR)/SwiftDemo.app/SwiftDemo";
			};
			name = Debug;
		};
		18921D321E8E157E00C82CBD /* Release */ = {
			isa = XCBuildConfiguration;
			buildSettings = {
				ALWAYS_EMBED_SWIFT_STANDARD_LIBRARIES = YES;
				BUNDLE_LOADER = "$(TEST_HOST)";
				DEVELOPMENT_TEAM = JC39BY23BM;
				INFOPLIST_FILE = SwiftDemoTests/Info.plist;
				LD_RUNPATH_SEARCH_PATHS = "$(inherited) @executable_path/Frameworks @loader_path/Frameworks";
				PRODUCT_BUNDLE_IDENTIFIER = com.immanent.SwiftDemoTests;
				PRODUCT_NAME = "$(TARGET_NAME)";
				PROVISIONING_PROFILE = "";
				SWIFT_VERSION = 3.0;
				TEST_HOST = "$(BUILT_PRODUCTS_DIR)/SwiftDemo.app/SwiftDemo";
			};
			name = Release;
		};
		18921D341E8E157E00C82CBD /* Debug */ = {
			isa = XCBuildConfiguration;
			buildSettings = {
				ALWAYS_EMBED_SWIFT_STANDARD_LIBRARIES = YES;
				CODE_SIGN_IDENTITY = "iPhone Developer: Iqbal Singh (ZKG4WAM2JD)";
				"CODE_SIGN_IDENTITY[sdk=iphoneos*]" = "iPhone Developer: Iqbal Singh (ZKG4WAM2JD)";
				DEVELOPMENT_TEAM = "";
				INFOPLIST_FILE = SwiftDemoUITests/Info.plist;
				LD_RUNPATH_SEARCH_PATHS = "$(inherited) @executable_path/Frameworks @loader_path/Frameworks";
				PRODUCT_BUNDLE_IDENTIFIER = com.immanent.SwiftDemoUITests;
				PRODUCT_NAME = "$(TARGET_NAME)";
				PROVISIONING_PROFILE = "2cffa86c-4197-4862-98d2-dab0f8423e2d";
				PROVISIONING_PROFILE_SPECIFIER = "";
				SWIFT_VERSION = 3.0;
				TEST_TARGET_NAME = SwiftDemo;
			};
			name = Debug;
		};
		18921D351E8E157E00C82CBD /* Release */ = {
			isa = XCBuildConfiguration;
			buildSettings = {
				ALWAYS_EMBED_SWIFT_STANDARD_LIBRARIES = YES;
				CODE_SIGN_IDENTITY = "iPhone Developer: Iqbal Singh (ZKG4WAM2JD)";
				"CODE_SIGN_IDENTITY[sdk=iphoneos*]" = "iPhone Developer: Iqbal Singh (ZKG4WAM2JD)";
				DEVELOPMENT_TEAM = "";
				INFOPLIST_FILE = SwiftDemoUITests/Info.plist;
				LD_RUNPATH_SEARCH_PATHS = "$(inherited) @executable_path/Frameworks @loader_path/Frameworks";
				PRODUCT_BUNDLE_IDENTIFIER = com.immanent.SwiftDemoUITests;
				PRODUCT_NAME = "$(TARGET_NAME)";
				PROVISIONING_PROFILE = "2cffa86c-4197-4862-98d2-dab0f8423e2d";
				SWIFT_VERSION = 3.0;
				TEST_TARGET_NAME = SwiftDemo;
			};
			name = Release;
		};
/* End XCBuildConfiguration section */

/* Begin XCConfigurationList section */
		18921D001E8E157D00C82CBD /* Build configuration list for PBXProject "SwiftDemo" */ = {
			isa = XCConfigurationList;
			buildConfigurations = (
				18921D2B1E8E157E00C82CBD /* Debug */,
				18921D2C1E8E157E00C82CBD /* Release */,
			);
			defaultConfigurationIsVisible = 0;
			defaultConfigurationName = Release;
		};
		18921D2D1E8E157E00C82CBD /* Build configuration list for PBXNativeTarget "SwiftDemo" */ = {
			isa = XCConfigurationList;
			buildConfigurations = (
				18921D2E1E8E157E00C82CBD /* Debug */,
				18921D2F1E8E157E00C82CBD /* Release */,
			);
			defaultConfigurationIsVisible = 0;
			defaultConfigurationName = Release;
		};
		18921D301E8E157E00C82CBD /* Build configuration list for PBXNativeTarget "SwiftDemoTests" */ = {
			isa = XCConfigurationList;
			buildConfigurations = (
				18921D311E8E157E00C82CBD /* Debug */,
				18921D321E8E157E00C82CBD /* Release */,
			);
			defaultConfigurationIsVisible = 0;
			defaultConfigurationName = Release;
		};
		18921D331E8E157E00C82CBD /* Build configuration list for PBXNativeTarget "SwiftDemoUITests" */ = {
			isa = XCConfigurationList;
			buildConfigurations = (
				18921D341E8E157E00C82CBD /* Debug */,
				18921D351E8E157E00C82CBD /* Release */,
			);
			defaultConfigurationIsVisible = 0;
			defaultConfigurationName = Release;
		};
/* End XCConfigurationList section */
	};
	rootObject = 18921CFD1E8E157D00C82CBD /* Project object */;
}
